
Microsoft Visual Studio Solution File, Format Version 12.00
# Visual Studio 15
VisualStudioVersion = 15.0.26124.0
MinimumVisualStudioVersion = 15.0.26124.0
Project("{FAE04EC0-301F-11D3-BF4B-00C04F79EFBC}") = "VOrder.Core", "VOrder.Core\VOrder.Core.csproj", "{A28BED47-207A-4966-B9C1-B2A3AAE426F3}"
EndProject
Project("{FAE04EC0-301F-11D3-BF4B-00C04F79EFBC}") = "VOrder.Data", "VOrder.Data\VOrder.Data.csproj", "{D435FE31-6BCE-4E33-808B-B728FD5B9C2D}"
EndProject
Global
	GlobalSection(SolutionConfigurationPlatforms) = preSolution
		Debug|Any CPU = Debug|Any CPU
		Debug|x64 = Debug|x64
		Debug|x86 = Debug|x86
		Release|Any CPU = Release|Any CPU
		Release|x64 = Release|x64
		Release|x86 = Release|x86
	EndGlobalSection
	GlobalSection(SolutionProperties) = preSolution
		HideSolutionNode = FALSE
	EndGlobalSection
	GlobalSection(ProjectConfigurationPlatforms) = postSolution
		{A28BED47-207A-4966-B9C1-B2A3AAE426F3}.Debug|Any CPU.ActiveCfg = Debug|Any CPU
		{A28BED47-207A-4966-B9C1-B2A3AAE426F3}.Debug|Any CPU.Build.0 = Debug|Any CPU
		{A28BED47-207A-4966-B9C1-B2A3AAE426F3}.Debug|x64.ActiveCfg = Debug|Any CPU
		{A28BED47-207A-4966-B9C1-B2A3AAE426F3}.Debug|x64.Build.0 = Debug|Any CPU
		{A28BED47-207A-4966-B9C1-B2A3AAE426F3}.Debug|x86.ActiveCfg = Debug|Any CPU
		{A28BED47-207A-4966-B9C1-B2A3AAE426F3}.Debug|x86.Build.0 = Debug|Any CPU
		{A28BED47-207A-4966-B9C1-B2A3AAE426F3}.Release|Any CPU.ActiveCfg = Release|Any CPU
		{A28BED47-207A-4966-B9C1-B2A3AAE426F3}.Release|Any CPU.Build.0 = Release|Any CPU
		{A28BED47-207A-4966-B9C1-B2A3AAE426F3}.Release|x64.ActiveCfg = Release|Any CPU
		{A28BED47-207A-4966-B9C1-B2A3AAE426F3}.Release|x64.Build.0 = Release|Any CPU
		{A28BED47-207A-4966-B9C1-B2A3AAE426F3}.Release|x86.ActiveCfg = Release|Any CPU
		{A28BED47-207A-4966-B9C1-B2A3AAE426F3}.Release|x86.Build.0 = Release|Any CPU
		{D435FE31-6BCE-4E33-808B-B728FD5B9C2D}.Debug|Any CPU.ActiveCfg = Debug|Any CPU
		{D435FE31-6BCE-4E33-808B-B728FD5B9C2D}.Debug|Any CPU.Build.0 = Debug|Any CPU
		{D435FE31-6BCE-4E33-808B-B728FD5B9C2D}.Debug|x64.ActiveCfg = Debug|Any CPU
		{D435FE31-6BCE-4E33-808B-B728FD5B9C2D}.Debug|x64.Build.0 = Debug|Any CPU
		{D435FE31-6BCE-4E33-808B-B728FD5B9C2D}.Debug|x86.ActiveCfg = Debug|Any CPU
		{D435FE31-6BCE-4E33-808B-B728FD5B9C2D}.Debug|x86.Build.0 = Debug|Any CPU
		{D435FE31-6BCE-4E33-808B-B728FD5B9C2D}.Release|Any CPU.ActiveCfg = Release|Any CPU
		{D435FE31-6BCE-4E33-808B-B728FD5B9C2D}.Release|Any CPU.Build.0 = Release|Any CPU
		{D435FE31-6BCE-4E33-808B-B728FD5B9C2D}.Release|x64.ActiveCfg = Release|Any CPU
		{D435FE31-6BCE-4E33-808B-B728FD5B9C2D}.Release|x64.Build.0 = Release|Any CPU
		{D435FE31-6BCE-4E33-808B-B728FD5B9C2D}.Release|x86.ActiveCfg = Release|Any CPU
		{D435FE31-6BCE-4E33-808B-B728FD5B9C2D}.Release|x86.Build.0 = Release|Any CPU
	EndGlobalSection
EndGlobal
